
Microsoft Visual Studio Solution File, Format Version 12.00
# Visual Studio Version 17
VisualStudioVersion = 17.14.36203.30 d17.14
MinimumVisualStudioVersion = 10.0.40219.1
Project("{888888A0-9F3D-457C-B088-3A5042F75D52}") = "Inactive Secret Diaryt", "Inactive Secret Diaryt\Inactive Secret Diaryt.pyproj", "{1543C2C1-8678-48DB-B2A6-D93F382C6782}"
EndProject
Global
	GlobalSection(SolutionConfigurationPlatforms) = preSolution
		Debug|Any CPU = Debug|Any CPU
		Release|Any CPU = Release|Any CPU
	EndGlobalSection
	GlobalSection(ProjectConfigurationPlatforms) = postSolution
		{1543C2C1-8678-48DB-B2A6-D93F382C6782}.Debug|Any CPU.ActiveCfg = Debug|Any CPU
		{1543C2C1-8678-48DB-B2A6-D93F382C6782}.Release|Any CPU.ActiveCfg = Release|Any CPU
	EndGlobalSection
	GlobalSection(SolutionProperties) = preSolution
		HideSolutionNode = FALSE
	EndGlobalSection
	GlobalSection(ExtensibilityGlobals) = postSolution
		SolutionGuid = {1776E8D3-580D-434F-8AF6-6217FC9EDE5C}
	EndGlobalSection
EndGlobal
