
Microsoft Visual Studio Solution File, Format Version 12.00
# Visual Studio Version 17
VisualStudioVersion = 17.14.36203.30 d17.14
MinimumVisualStudioVersion = 10.0.40219.1
Project("{888888A0-9F3D-457C-B088-3A5042F75D52}") = "Dice Roller", "Dice Roller\Dice Roller.pyproj", "{5DB695E7-D584-4A49-8C92-94D37040F7D3}"
EndProject
Global
	GlobalSection(SolutionConfigurationPlatforms) = preSolution
		Debug|Any CPU = Debug|Any CPU
		Release|Any CPU = Release|Any CPU
	EndGlobalSection
	GlobalSection(ProjectConfigurationPlatforms) = postSolution
		{5DB695E7-D584-4A49-8C92-94D37040F7D3}.Debug|Any CPU.ActiveCfg = Debug|Any CPU
		{5DB695E7-D584-4A49-8C92-94D37040F7D3}.Release|Any CPU.ActiveCfg = Release|Any CPU
	EndGlobalSection
	GlobalSection(SolutionProperties) = preSolution
		HideSolutionNode = FALSE
	EndGlobalSection
	GlobalSection(ExtensibilityGlobals) = postSolution
		SolutionGuid = {CC27F444-FF84-4D91-979B-E94AD8196B64}
	EndGlobalSection
EndGlobal
