
Microsoft Visual Studio Solution File, Format Version 12.00
# Visual Studio Version 17
VisualStudioVersion = 17.14.36203.30 d17.14
MinimumVisualStudioVersion = 10.0.40219.1
Project("{888888A0-9F3D-457C-B088-3A5042F75D52}") = "Files", "Files\Files.pyproj", "{F73B1495-BB81-4EC2-AC9A-1BC1A1C58711}"
EndProject
Global
	GlobalSection(SolutionConfigurationPlatforms) = preSolution
		Debug|Any CPU = Debug|Any CPU
		Release|Any CPU = Release|Any CPU
	EndGlobalSection
	GlobalSection(ProjectConfigurationPlatforms) = postSolution
		{F73B1495-BB81-4EC2-AC9A-1BC1A1C58711}.Debug|Any CPU.ActiveCfg = Debug|Any CPU
		{F73B1495-BB81-4EC2-AC9A-1BC1A1C58711}.Release|Any CPU.ActiveCfg = Release|Any CPU
	EndGlobalSection
	GlobalSection(SolutionProperties) = preSolution
		HideSolutionNode = FALSE
	EndGlobalSection
	GlobalSection(ExtensibilityGlobals) = postSolution
		SolutionGuid = {69404D87-6DF0-4BBE-816C-FEF2834DB654}
	EndGlobalSection
EndGlobal
