
Microsoft Visual Studio Solution File, Format Version 12.00
# Visual Studio Version 17
VisualStudioVersion = 17.14.36203.30 d17.14
MinimumVisualStudioVersion = 10.0.40219.1
Project("{888888A0-9F3D-457C-B088-3A5042F75D52}") = "FileParse", "FileParse\FileParse.pyproj", "{B1E7F1B8-C713-40C2-9344-6533ED3F2F68}"
EndProject
Global
	GlobalSection(SolutionConfigurationPlatforms) = preSolution
		Debug|Any CPU = Debug|Any CPU
		Release|Any CPU = Release|Any CPU
	EndGlobalSection
	GlobalSection(ProjectConfigurationPlatforms) = postSolution
		{B1E7F1B8-C713-40C2-9344-6533ED3F2F68}.Debug|Any CPU.ActiveCfg = Debug|Any CPU
		{B1E7F1B8-C713-40C2-9344-6533ED3F2F68}.Release|Any CPU.ActiveCfg = Release|Any CPU
	EndGlobalSection
	GlobalSection(SolutionProperties) = preSolution
		HideSolutionNode = FALSE
	EndGlobalSection
	GlobalSection(ExtensibilityGlobals) = postSolution
		SolutionGuid = {B84B65EA-9DEC-48EA-A641-8081EBE22A61}
	EndGlobalSection
EndGlobal
